# THIS IS AN AUTOGENERATED FILE. DO NOT EDIT THIS FILE DIRECTLY.
# yarn lockfile v1


chrome-types@^0.1.282:
  version "0.1.282"
  resolved "https://registry.yarnpkg.com/chrome-types/-/chrome-types-0.1.282.tgz#94c871af75469370c01ff862441ae5a483257c77"
  integrity sha512-gG0mUvPZAwzYGVK6EJLt4dgfL21FAf+kZu4Y2oOedAfzI6u4svLdAnw0GK6kPo1VNqThZ/LlwjGzqXglb+TS6g==
